
Microsoft Visual Studio Solution File, Format Version 12.00
# Visual Studio 14
VisualStudioVersion = 14.0.25123.0
MinimumVisualStudioVersion = 10.0.40219.1
Project("{FAE04EC0-301F-11D3-BF4B-00C04F79EFBC}") = "exercicio2", "exercicio2\exercicio2.csproj", "{D835D609-9AB1-42B0-9D2B-8F27FF88261C}"
EndProject
Global
	GlobalSection(SolutionConfigurationPlatforms) = preSolution
		Debug|Any CPU = Debug|Any CPU
		Release|Any CPU = Release|Any CPU
	EndGlobalSection
	GlobalSection(ProjectConfigurationPlatforms) = postSolution
		{D835D609-9AB1-42B0-9D2B-8F27FF88261C}.Debug|Any CPU.ActiveCfg = Debug|Any CPU
		{D835D609-9AB1-42B0-9D2B-8F27FF88261C}.Debug|Any CPU.Build.0 = Debug|Any CPU
		{D835D609-9AB1-42B0-9D2B-8F27FF88261C}.Release|Any CPU.ActiveCfg = Release|Any CPU
		{D835D609-9AB1-42B0-9D2B-8F27FF88261C}.Release|Any CPU.Build.0 = Release|Any CPU
	EndGlobalSection
	GlobalSection(SolutionProperties) = preSolution
		HideSolutionNode = FALSE
	EndGlobalSection
EndGlobal
